
Microsoft Visual Studio Solution File, Format Version 12.00
# Visual Studio Version 17
VisualStudioVersion = 17.5.33516.290
MinimumVisualStudioVersion = 10.0.40219.1
Project("{FAE04EC0-301F-11D3-BF4B-00C04F79EFBC}") = "ExcelReader", "ExcelReader\ExcelReader.csproj", "{EE8E187F-858A-4542-BFF4-3FF0B363B939}"
EndProject
Global
	GlobalSection(SolutionConfigurationPlatforms) = preSolution
		Debug|Any CPU = Debug|Any CPU
		Release|Any CPU = Release|Any CPU
	EndGlobalSection
	GlobalSection(ProjectConfigurationPlatforms) = postSolution
		{EE8E187F-858A-4542-BFF4-3FF0B363B939}.Debug|Any CPU.ActiveCfg = Debug|Any CPU
		{EE8E187F-858A-4542-BFF4-3FF0B363B939}.Debug|Any CPU.Build.0 = Debug|Any CPU
		{EE8E187F-858A-4542-BFF4-3FF0B363B939}.Release|Any CPU.ActiveCfg = Release|Any CPU
		{EE8E187F-858A-4542-BFF4-3FF0B363B939}.Release|Any CPU.Build.0 = Release|Any CPU
	EndGlobalSection
	GlobalSection(SolutionProperties) = preSolution
		HideSolutionNode = FALSE
	EndGlobalSection
	GlobalSection(ExtensibilityGlobals) = postSolution
		SolutionGuid = {3D7522A6-15A1-4CF3-99CE-384DAFABFBA3}
	EndGlobalSection
EndGlobal
